
Microsoft Visual Studio Solution File, Format Version 12.00
# Visual Studio Version 17
VisualStudioVersion = 17.9.34701.34
MinimumVisualStudioVersion = 10.0.40219.1
Project("{9A19103F-16F7-4668-BE54-9A1E7A4F7556}") = "Tests", "Tests\Tests.csproj", "{0925D807-7E82-4299-8B3B-CE683AD6567C}"
EndProject
Project("{FAE04EC0-301F-11D3-BF4B-00C04F79EFBC}") = "Programas", "Programas\Programas.csproj", "{32BA84A2-033D-4D3D-8751-B1F130EA3BCC}"
EndProject
Global
	GlobalSection(SolutionConfigurationPlatforms) = preSolution
		Debug|Any CPU = Debug|Any CPU
		Release|Any CPU = Release|Any CPU
	EndGlobalSection
	GlobalSection(ProjectConfigurationPlatforms) = postSolution
		{0925D807-7E82-4299-8B3B-CE683AD6567C}.Debug|Any CPU.ActiveCfg = Debug|Any CPU
		{0925D807-7E82-4299-8B3B-CE683AD6567C}.Debug|Any CPU.Build.0 = Debug|Any CPU
		{0925D807-7E82-4299-8B3B-CE683AD6567C}.Release|Any CPU.ActiveCfg = Release|Any CPU
		{0925D807-7E82-4299-8B3B-CE683AD6567C}.Release|Any CPU.Build.0 = Release|Any CPU
		{32BA84A2-033D-4D3D-8751-B1F130EA3BCC}.Debug|Any CPU.ActiveCfg = Debug|Any CPU
		{32BA84A2-033D-4D3D-8751-B1F130EA3BCC}.Debug|Any CPU.Build.0 = Debug|Any CPU
		{32BA84A2-033D-4D3D-8751-B1F130EA3BCC}.Release|Any CPU.ActiveCfg = Release|Any CPU
		{32BA84A2-033D-4D3D-8751-B1F130EA3BCC}.Release|Any CPU.Build.0 = Release|Any CPU
	EndGlobalSection
	GlobalSection(SolutionProperties) = preSolution
		HideSolutionNode = FALSE
	EndGlobalSection
	GlobalSection(ExtensibilityGlobals) = postSolution
		SolutionGuid = {181308E8-3543-4916-B9CD-820F567B6EA1}
	EndGlobalSection
EndGlobal
